// !$*UTF8*$!
{
	archiveVersion = 1;
	classes = {
	};
	objectVersion = 46;
	objects = {

/* Begin PBXBuildFile section */
		50D0778E1D636B790015F994 /* main.m in Sources */ = {isa = PBXBuildFile; fileRef = 50D0778D1D636B790015F994 /* main.m */; };
		50D077911D636B790015F994 /* AppDelegate.m in Sources */ = {isa = PBXBuildFile; fileRef = 50D077901D636B790015F994 /* AppDelegate.m */; };
		50D077941D636B790015F994 /* ViewController.m in Sources */ = {isa = PBXBuildFile; fileRef = 50D077931D636B790015F994 /* ViewController.m */; };
		50D077971D636B790015F994 /* Main.storyboard in Resources */ = {isa = PBXBuildFile; fileRef = 50D077951D636B790015F994 /* Main.storyboard */; };
		50D077991D636B790015F994 /* Assets.xcassets in Resources */ = {isa = PBXBuildFile; fileRef = 50D077981D636B790015F994 /* Assets.xcassets */; };
		50D0779C1D636B790015F994 /* LaunchScreen.storyboard in Resources */ = {isa = PBXBuildFile; fileRef = 50D0779A1D636B790015F994 /* LaunchScreen.storyboard */; };
/* End PBXBuildFile section */

/* Begin PBXFileReference section */
		50D077891D636B780015F994 /* DemoNavigationBar.app */ = {isa = PBXFileReference; explicitFileType = wrapper.application; includeInIndex = 0; path = DemoNavigationBar.app; sourceTree = BUILT_PRODUCTS_DIR; };
		50D0778D1D636B790015F994 /* main.m */ = {isa = PBXFileReference; lastKnownFileType = sourcecode.c.objc; path = main.m; sourceTree = "<group>"; };
		50D0778F1D636B790015F994 /* AppDelegate.h */ = {isa = PBXFileReference; lastKnownFileType = sourcecode.c.h; path = AppDelegate.h; sourceTree = "<group>"; };
		50D077901D636B790015F994 /* AppDelegate.m */ = {isa = PBXFileReference; lastKnownFileType = sourcecode.c.objc; path = AppDelegate.m; sourceTree = "<group>"; };
		50D077921D636B790015F994 /* ViewController.h */ = {isa = PBXFileReference; lastKnownFileType = sourcecode.c.h; path = ViewController.h; sourceTree = "<group>"; };
		50D077931D636B790015F994 /* ViewController.m */ = {isa = PBXFileReference; lastKnownFileType = sourcecode.c.objc; path = ViewController.m; sourceTree = "<group>"; };
		50D077961D636B790015F994 /* Base */ = {isa = PBXFileReference; lastKnownFileType = file.storyboard; name = Base; path = Base.lproj/Main.storyboard; sourceTree = "<group>"; };
		50D077981D636B790015F994 /* Assets.xcassets */ = {isa = PBXFileReference; lastKnownFileType = folder.assetcatalog; path = Assets.xcassets; sourceTree = "<group>"; };
		50D0779B1D636B790015F994 /* Base */ = {isa = PBXFileReference; lastKnownFileType = file.storyboard; name = Base; path = Base.lproj/LaunchScreen.storyboard; sourceTree = "<group>"; };
		50D0779D1D636B790015F994 /* Info.plist */ = {isa = PBXFileReference; lastKnownFileType = text.plist.xml; path = Info.plist; sourceTree = "<group>"; };
/* End PBXFileReference section */

/* Begin PBXFrameworksBuildPhase section */
		50D077861D636B780015F994 /* Frameworks */ = {
			isa = PBXFrameworksBuildPhase;
			buildActionMask = 2147483647;
			files = (
			);
			runOnlyForDeploymentPostprocessing = 0;
		};
/* End PBXFrameworksBuildPhase section */

/* Begin PBXGroup section */
		50D077801D636B780015F994 = {
			isa = PBXGroup;
			children = (
				50D0778B1D636B780015F994 /* DemoNavigationBar */,
				50D0778A1D636B780015F994 /* Products */,
			);
			sourceTree = "<group>";
		};
		50D0778A1D636B780015F994 /* Products */ = {
			isa = PBXGroup;
			children = (
				50D077891D636B780015F994 /* DemoNavigationBar.app */,
			);
			name = Products;
			sourceTree = "<group>";
		};
		50D0778B1D636B780015F994 /* DemoNavigationBar */ = {
			isa = PBXGroup;
			children = (
				50D0778F1D636B790015F994 /* AppDelegate.h */,
				50D077901D636B790015F994 /* AppDelegate.m */,
				50D077921D636B790015F994 /* ViewController.h */,
				50D077931D636B790015F994 /* ViewController.m */,
				50D077951D636B790015F994 /* Main.storyboard */,
				50D077981D636B790015F994 /* Assets.xcassets */,
				50D0779A1D636B790015F994 /* LaunchScreen.storyboard */,
				50D0779D1D636B790015F994 /* Info.plist */,
				50D0778C1D636B780015F994 /* Supporting Files */,
			);
			path = DemoNavigationBar;
			sourceTree = "<group>";
		};
		50D0778C1D636B780015F994 /* Supporting Files */ = {
			isa = PBXGroup;
			children = (
				50D0778D1D636B790015F994 /* main.m */,
			);
			name = "Supporting Files";
			sourceTree = "<group>";
		};
/* End PBXGroup section */

/* Begin PBXNativeTarget section */
		50D077881D636B780015F994 /* DemoNavigationBar */ = {
			isa = PBXNativeTarget;
			buildConfigurationList = 50D077A01D636B790015F994 /* Build configuration list for PBXNativeTarget "DemoNavigationBar" */;
			buildPhases = (
				50D077851D636B780015F994 /* Sources */,
				50D077861D636B780015F994 /* Frameworks */,
				50D077871D636B780015F994 /* Resources */,
			);
			buildRules = (
			);
			dependencies = (
			);
			name = DemoNavigationBar;
			productName = DemoNavigationBar;
			productReference = 50D077891D636B780015F994 /* DemoNavigationBar.app */;
			productType = "com.apple.product-type.application";
		};
/* End PBXNativeTarget section */

/* Begin PBXProject section */
		50D077811D636B780015F994 /* Project object */ = {
			isa = PBXProject;
			attributes = {
				LastUpgradeCheck = 0730;
				ORGANIZATIONNAME = liangzhimy;
				TargetAttributes = {
					50D077881D636B780015F994 = {
						CreatedOnToolsVersion = 7.3.1;
					};
				};
			};
			buildConfigurationList = 50D077841D636B780015F994 /* Build configuration list for PBXProject "DemoNavigationBar" */;
			compatibilityVersion = "Xcode 3.2";
			developmentRegion = English;
			hasScannedForEncodings = 0;
			knownRegions = (
				en,
				Base,
			);
			mainGroup = 50D077801D636B780015F994;
			productRefGroup = 50D0778A1D636B780015F994 /* Products */;
			projectDirPath = "";
			projectRoot = "";
			targets = (
				50D077881D636B780015F994 /* DemoNavigationBar */,
			);
		};
/* End PBXProject section */

/* Begin PBXResourcesBuildPhase section */
		50D077871D636B780015F994 /* Resources */ = {
			isa = PBXResourcesBuildPhase;
			buildActionMask = 2147483647;
			files = (
				50D0779C1D636B790015F994 /* LaunchScreen.storyboard in Resources */,
				50D077991D636B790015F994 /* Assets.xcassets in Resources */,
				50D077971D636B790015F994 /* Main.storyboard in Resources */,
			);
			runOnlyForDeploymentPostprocessing = 0;
		};
/* End PBXResourcesBuildPhase section */

/* Begin PBXSourcesBuildPhase section */
		50D077851D636B780015F994 /* Sources */ = {
			isa = PBXSourcesBuildPhase;
			buildActionMask = 2147483647;
			files = (
				50D077941D636B790015F994 /* ViewController.m in Sources */,
				50D077911D636B790015F994 /* AppDelegate.m in Sources */,
				50D0778E1D636B790015F994 /* main.m in Sources */,
			);
			runOnlyForDeploymentPostprocessing = 0;
		};
/* End PBXSourcesBuildPhase section */

/* Begin PBXVariantGroup section */
		50D077951D636B790015F994 /* Main.storyboard */ = {
			isa = PBXVariantGroup;
			children = (
				50D077961D636B790015F994 /* Base */,
			);
			name = Main.storyboard;
			sourceTree = "<group>";
		};
		50D0779A1D636B790015F994 /* LaunchScreen.storyboard */ = {
			isa = PBXVariantGroup;
			children = (
				50D0779B1D636B790015F994 /* Base */,
			);
			name = LaunchScreen.storyboard;
			sourceTree = "<group>";
		};
/* End PBXVariantGroup section */

/* Begin XCBuildConfiguration section */
		50D0779E1D636B790015F994 /* Debug */ = {
			isa = XCBuildConfiguration;
			buildSettings = {
				ALWAYS_SEARCH_USER_PATHS = NO;
				CLANG_ANALYZER_NONNULL = YES;
				CLANG_CXX_LANGUAGE_STANDARD = "gnu++0x";
				CLANG_CXX_LIBRARY = "libc++";
				CLANG_ENABLE_MODULES = YES;
				CLANG_ENABLE_OBJC_ARC = YES;
				CLANG_WARN_BOOL_CONVERSION = YES;
				CLANG_WARN_CONSTANT_CONVERSION = YES;
				CLANG_WARN_DIRECT_OBJC_ISA_USAGE = YES_ERROR;
				CLANG_WARN_EMPTY_BODY = YES;
				CLANG_WARN_ENUM_CONVERSION = YES;
				CLANG_WARN_INT_CONVERSION = YES;
				CLANG_WARN_OBJC_ROOT_CLASS = YES_ERROR;
				CLANG_WARN_UNREACHABLE_CODE = YES;
				CLANG_WARN__DUPLICATE_METHOD_MATCH = YES;
				"CODE_SIGN_IDENTITY[sdk=iphoneos*]" = "iPhone Developer";
				COPY_PHASE_STRIP = NO;
				DEBUG_INFORMATION_FORMAT = dwarf;
				ENABLE_STRICT_OBJC_MSGSEND = YES;
				ENABLE_TESTABILITY = YES;
				GCC_C_LANGUAGE_STANDARD = gnu99;
				GCC_DYNAMIC_NO_PIC = NO;
				GCC_NO_COMMON_BLOCKS = YES;
				GCC_OPTIMIZATION_LEVEL = 0;
				GCC_PREPROCESSOR_DEFINITIONS = (
					"DEBUG=1",
					"$(inherited)",
				);
				GCC_WARN_64_TO_32_BIT_CONVERSION = YES;
				GCC_WARN_ABOUT_RETURN_TYPE = YES_ERROR;
				GCC_WARN_UNDECLARED_SELECTOR = YES;
				GCC_WARN_UNINITIALIZED_AUTOS = YES_AGGRESSIVE;
				GCC_WARN_UNUSED_FUNCTION = YES;
				GCC_WARN_UNUSED_VARIABLE = YES;
				IPHONEOS_DEPLOYMENT_TARGET = 9.3;
				MTL_ENABLE_DEBUG_INFO = YES;
				ONLY_ACTIVE_ARCH = YES;
				SDKROOT = iphoneos;
			};
			name = Debug;
		};
		50D0779F1D636B790015F994 /* Release */ = {
			isa = XCBuildConfiguration;
			buildSettings = {
				ALWAYS_SEARCH_USER_PATHS = NO;
				CLANG_ANALYZER_NONNULL = YES;
				CLANG_CXX_LANGUAGE_STANDARD = "gnu++0x";
				CLANG_CXX_LIBRARY = "libc++";
				CLANG_ENABLE_MODULES = YES;
				CLANG_ENABLE_OBJC_ARC = YES;
				CLANG_WARN_BOOL_CONVERSION = YES;
				CLANG_WARN_CONSTANT_CONVERSION = YES;
				CLANG_WARN_DIRECT_OBJC_ISA_USAGE = YES_ERROR;
				CLANG_WARN_EMPTY_BODY = YES;
				CLANG_WARN_ENUM_CONVERSION = YES;
				CLANG_WARN_INT_CONVERSION = YES;
				CLANG_WARN_OBJC_ROOT_CLASS = YES_ERROR;
				CLANG_WARN_UNREACHABLE_CODE = YES;
				CLANG_WARN__DUPLICATE_METHOD_MATCH = YES;
				"CODE_SIGN_IDENTITY[sdk=iphoneos*]" = "iPhone Developer";
				COPY_PHASE_STRIP = NO;
				DEBUG_INFORMATION_FORMAT = "dwarf-with-dsym";
				ENABLE_NS_ASSERTIONS = NO;
				ENABLE_STRICT_OBJC_MSGSEND = YES;
				GCC_C_LANGUAGE_STANDARD = gnu99;
				GCC_NO_COMMON_BLOCKS = YES;
				GCC_WARN_64_TO_32_BIT_CONVERSION = YES;
				GCC_WARN_ABOUT_RETURN_TYPE = YES_ERROR;
				GCC_WARN_UNDECLARED_SELECTOR = YES;
				GCC_WARN_UNINITIALIZED_AUTOS = YES_AGGRESSIVE;
				GCC_WARN_UNUSED_FUNCTION = YES;
				GCC_WARN_UNUSED_VARIABLE = YES;
				IPHONEOS_DEPLOYMENT_TARGET = 9.3;
				MTL_ENABLE_DEBUG_INFO = NO;
				SDKROOT = iphoneos;
				VALIDATE_PRODUCT = YES;
			};
			name = Release;
		};
		50D077A11D636B790015F994 /* Debug */ = {
			isa = XCBuildConfiguration;
			buildSettings = {
				ASSETCATALOG_COMPILER_APPICON_NAME = AppIcon;
				INFOPLIST_FILE = DemoNavigationBar/Info.plist;
				LD_RUNPATH_SEARCH_PATHS = "$(inherited) @executable_path/Frameworks";
				PRODUCT_BUNDLE_IDENTIFIER = com.tt139.DemoNavigationBar;
				PRODUCT_NAME = "$(TARGET_NAME)";
			};
			name = Debug;
		};
		50D077A21D636B790015F994 /* Release */ = {
			isa = XCBuildConfiguration;
			buildSettings = {
				ASSETCATALOG_COMPILER_APPICON_NAME = AppIcon;
				INFOPLIST_FILE = DemoNavigationBar/Info.plist;
				LD_RUNPATH_SEARCH_PATHS = "$(inherited) @executable_path/Frameworks";
				PRODUCT_BUNDLE_IDENTIFIER = com.tt139.DemoNavigationBar;
				PRODUCT_NAME = "$(TARGET_NAME)";
			};
			name = Release;
		};
/* End XCBuildConfiguration section */

/* Begin XCConfigurationList section */
		50D077841D636B780015F994 /* Build configuration list for PBXProject "DemoNavigationBar" */ = {
			isa = XCConfigurationList;
			buildConfigurations = (
				50D0779E1D636B790015F994 /* Debug */,
				50D0779F1D636B790015F994 /* Release */,
			);
			defaultConfigurationIsVisible = 0;
			defaultConfigurationName = Release;
		};
		50D077A01D636B790015F994 /* Build configuration list for PBXNativeTarget "DemoNavigationBar" */ = {
			isa = XCConfigurationList;
			buildConfigurations = (
				50D077A11D636B790015F994 /* Debug */,
				50D077A21D636B790015F994 /* Release */,
			);
			defaultConfigurationIsVisible = 0;
		};
/* End XCConfigurationList section */
	};
	rootObject = 50D077811D636B780015F994 /* Project object */;
}
